// !$*UTF8*$!
{
	archiveVersion = 1;
	classes = {
	};
	objectVersion = 55;
	objects = {

/* Begin PBXBuildFile section */
		5738D7272859140F00482A03 /* AppDelegate.swift in Sources */ = {isa = PBXBuildFile; fileRef = 5738D7262859140F00482A03 /* AppDelegate.swift */; };
		5738D7292859140F00482A03 /* SceneDelegate.swift in Sources */ = {isa = PBXBuildFile; fileRef = 5738D7282859140F00482A03 /* SceneDelegate.swift */; };
		5738D7302859141000482A03 /* Assets.xcassets in Resources */ = {isa = PBXBuildFile; fileRef = 5738D72F2859141000482A03 /* Assets.xcassets */; };
		5738D7332859141000482A03 /* LaunchScreen.storyboard in Resources */ = {isa = PBXBuildFile; fileRef = 5738D7312859141000482A03 /* LaunchScreen.storyboard */; };
		5738D73E2859B9EE00482A03 /* SignInViewController.swift in Sources */ = {isa = PBXBuildFile; fileRef = 5738D73D2859B9EE00482A03 /* SignInViewController.swift */; };
		5738D7402859BA8B00482A03 /* EditReminderViewController.swift in Sources */ = {isa = PBXBuildFile; fileRef = 5738D73F2859BA8B00482A03 /* EditReminderViewController.swift */; };
		5738D7422859BA9800482A03 /* ReminderListViewController.swift in Sources */ = {isa = PBXBuildFile; fileRef = 5738D7412859BA9800482A03 /* ReminderListViewController.swift */; };
		5738D7442859BACA00482A03 /* Person.swift in Sources */ = {isa = PBXBuildFile; fileRef = 5738D7432859BACA00482A03 /* Person.swift */; };
		5738D7472859BB8800482A03 /* ReminderView.swift in Sources */ = {isa = PBXBuildFile; fileRef = 5738D7462859BB8800482A03 /* ReminderView.swift */; };
		5738D7492859BC9900482A03 /* Reminder.swift in Sources */ = {isa = PBXBuildFile; fileRef = 5738D7482859BC9900482A03 /* Reminder.swift */; };
		5738D74C2859F00500482A03 /* UIViewExtensions.swift in Sources */ = {isa = PBXBuildFile; fileRef = 5738D74B2859F00500482A03 /* UIViewExtensions.swift */; };
		5738D74E2859F29C00482A03 /* UITextFieldExtensions.swift in Sources */ = {isa = PBXBuildFile; fileRef = 5738D74D2859F29C00482A03 /* UITextFieldExtensions.swift */; };
		5738D753285F212100482A03 /* SignInView.swift in Sources */ = {isa = PBXBuildFile; fileRef = 5738D752285F212100482A03 /* SignInView.swift */; };
		5738D75B286084DD00482A03 /* UIViewControler+showAlert.swift in Sources */ = {isa = PBXBuildFile; fileRef = 5738D75A286084DD00482A03 /* UIViewControler+showAlert.swift */; };
		57662DA92860DF58004ED5E8 /* EditReminderView.swift in Sources */ = {isa = PBXBuildFile; fileRef = 57662DA82860DF58004ED5E8 /* EditReminderView.swift */; };
		57727BAE2863159000EFBAF0 /* AppConstants.swift in Sources */ = {isa = PBXBuildFile; fileRef = 57727BAD2863159000EFBAF0 /* AppConstants.swift */; };
		57727BB02864500F00EFBAF0 /* ReminderStorage.swift in Sources */ = {isa = PBXBuildFile; fileRef = 57727BAF2864500F00EFBAF0 /* ReminderStorage.swift */; };
/* End PBXBuildFile section */

/* Begin PBXFileReference section */
		5738D7232859140F00482A03 /* 05 Birthday Reminder.app */ = {isa = PBXFileReference; explicitFileType = wrapper.application; includeInIndex = 0; path = "05 Birthday Reminder.app"; sourceTree = BUILT_PRODUCTS_DIR; };
		5738D7262859140F00482A03 /* AppDelegate.swift */ = {isa = PBXFileReference; lastKnownFileType = sourcecode.swift; path = AppDelegate.swift; sourceTree = "<group>"; };
		5738D7282859140F00482A03 /* SceneDelegate.swift */ = {isa = PBXFileReference; lastKnownFileType = sourcecode.swift; path = SceneDelegate.swift; sourceTree = "<group>"; };
		5738D72F2859141000482A03 /* Assets.xcassets */ = {isa = PBXFileReference; lastKnownFileType = folder.assetcatalog; path = Assets.xcassets; sourceTree = "<group>"; };
		5738D7322859141000482A03 /* Base */ = {isa = PBXFileReference; lastKnownFileType = file.storyboard; name = Base; path = Base.lproj/LaunchScreen.storyboard; sourceTree = "<group>"; };
		5738D7342859141000482A03 /* Info.plist */ = {isa = PBXFileReference; lastKnownFileType = text.plist.xml; path = Info.plist; sourceTree = "<group>"; };
		5738D73D2859B9EE00482A03 /* SignInViewController.swift */ = {isa = PBXFileReference; lastKnownFileType = sourcecode.swift; path = SignInViewController.swift; sourceTree = "<group>"; };
		5738D73F2859BA8B00482A03 /* EditReminderViewController.swift */ = {isa = PBXFileReference; lastKnownFileType = sourcecode.swift; path = EditReminderViewController.swift; sourceTree = "<group>"; };
		5738D7412859BA9800482A03 /* ReminderListViewController.swift */ = {isa = PBXFileReference; lastKnownFileType = sourcecode.swift; path = ReminderListViewController.swift; sourceTree = "<group>"; };
		5738D7432859BACA00482A03 /* Person.swift */ = {isa = PBXFileReference; lastKnownFileType = sourcecode.swift; path = Person.swift; sourceTree = "<group>"; };
		5738D7462859BB8800482A03 /* ReminderView.swift */ = {isa = PBXFileReference; lastKnownFileType = sourcecode.swift; path = ReminderView.swift; sourceTree = "<group>"; };
		5738D7482859BC9900482A03 /* Reminder.swift */ = {isa = PBXFileReference; lastKnownFileType = sourcecode.swift; path = Reminder.swift; sourceTree = "<group>"; };
		5738D74B2859F00500482A03 /* UIViewExtensions.swift */ = {isa = PBXFileReference; lastKnownFileType = sourcecode.swift; path = UIViewExtensions.swift; sourceTree = "<group>"; };
		5738D74D2859F29C00482A03 /* UITextFieldExtensions.swift */ = {isa = PBXFileReference; lastKnownFileType = sourcecode.swift; path = UITextFieldExtensions.swift; sourceTree = "<group>"; };
		5738D752285F212100482A03 /* SignInView.swift */ = {isa = PBXFileReference; lastKnownFileType = sourcecode.swift; path = SignInView.swift; sourceTree = "<group>"; };
		5738D75A286084DD00482A03 /* UIViewControler+showAlert.swift */ = {isa = PBXFileReference; lastKnownFileType = sourcecode.swift; path = "UIViewControler+showAlert.swift"; sourceTree = "<group>"; };
		57662DA82860DF58004ED5E8 /* EditReminderView.swift */ = {isa = PBXFileReference; lastKnownFileType = sourcecode.swift; path = EditReminderView.swift; sourceTree = "<group>"; };
		57727BAD2863159000EFBAF0 /* AppConstants.swift */ = {isa = PBXFileReference; lastKnownFileType = sourcecode.swift; path = AppConstants.swift; sourceTree = "<group>"; };
		57727BAF2864500F00EFBAF0 /* ReminderStorage.swift */ = {isa = PBXFileReference; lastKnownFileType = sourcecode.swift; path = ReminderStorage.swift; sourceTree = "<group>"; };
/* End PBXFileReference section */

/* Begin PBXFrameworksBuildPhase section */
		5738D7202859140F00482A03 /* Frameworks */ = {
			isa = PBXFrameworksBuildPhase;
			buildActionMask = 2147483647;
			files = (
			);
			runOnlyForDeploymentPostprocessing = 0;
		};
/* End PBXFrameworksBuildPhase section */

/* Begin PBXGroup section */
		5738D71A2859140F00482A03 = {
			isa = PBXGroup;
			children = (
				5738D7252859140F00482A03 /* 05 Birthday Reminder */,
				5738D7242859140F00482A03 /* Products */,
			);
			sourceTree = "<group>";
		};
		5738D7242859140F00482A03 /* Products */ = {
			isa = PBXGroup;
			children = (
				5738D7232859140F00482A03 /* 05 Birthday Reminder.app */,
			);
			name = Products;
			sourceTree = "<group>";
		};
		5738D7252859140F00482A03 /* 05 Birthday Reminder */ = {
			isa = PBXGroup;
			children = (
				5738D7262859140F00482A03 /* AppDelegate.swift */,
				5738D7282859140F00482A03 /* SceneDelegate.swift */,
				5738D73B2859B97200482A03 /* Models */,
				5738D73C2859B98000482A03 /* ViewControllers */,
				5738D7452859BB4700482A03 /* Views */,
				5738D74A2859EFD800482A03 /* Extensions */,
				5738D72F2859141000482A03 /* Assets.xcassets */,
				5738D7312859141000482A03 /* LaunchScreen.storyboard */,
				5738D7342859141000482A03 /* Info.plist */,
			);
			path = "05 Birthday Reminder";
			sourceTree = "<group>";
		};
		5738D73B2859B97200482A03 /* Models */ = {
			isa = PBXGroup;
			children = (
				5738D7432859BACA00482A03 /* Person.swift */,
				57727BAF2864500F00EFBAF0 /* ReminderStorage.swift */,
				5738D7482859BC9900482A03 /* Reminder.swift */,
				57727BAD2863159000EFBAF0 /* AppConstants.swift */,
			);
			path = Models;
			sourceTree = "<group>";
		};
		5738D73C2859B98000482A03 /* ViewControllers */ = {
			isa = PBXGroup;
			children = (
				5738D73D2859B9EE00482A03 /* SignInViewController.swift */,
				5738D7412859BA9800482A03 /* ReminderListViewController.swift */,
				5738D73F2859BA8B00482A03 /* EditReminderViewController.swift */,
			);
			path = ViewControllers;
			sourceTree = "<group>";
		};
		5738D7452859BB4700482A03 /* Views */ = {
			isa = PBXGroup;
			children = (
				5738D754285F306700482A03 /* SignIn */,
				5738D75728607B1800482A03 /* ReminderList */,
				57662DA72860DEFD004ED5E8 /* EditReminder */,
			);
			path = Views;
			sourceTree = "<group>";
		};
		5738D74A2859EFD800482A03 /* Extensions */ = {
			isa = PBXGroup;
			children = (
				5738D74B2859F00500482A03 /* UIViewExtensions.swift */,
				5738D75A286084DD00482A03 /* UIViewControler+showAlert.swift */,
				5738D74D2859F29C00482A03 /* UITextFieldExtensions.swift */,
			);
			path = Extensions;
			sourceTree = "<group>";
		};
		5738D754285F306700482A03 /* SignIn */ = {
			isa = PBXGroup;
			children = (
				5738D752285F212100482A03 /* SignInView.swift */,
			);
			path = SignIn;
			sourceTree = "<group>";
		};
		5738D75728607B1800482A03 /* ReminderList */ = {
			isa = PBXGroup;
			children = (
				5738D7462859BB8800482A03 /* ReminderView.swift */,
			);
			path = ReminderList;
			sourceTree = "<group>";
		};
		57662DA72860DEFD004ED5E8 /* EditReminder */ = {
			isa = PBXGroup;
			children = (
				57662DA82860DF58004ED5E8 /* EditReminderView.swift */,
			);
			path = EditReminder;
			sourceTree = "<group>";
		};
/* End PBXGroup section */

/* Begin PBXNativeTarget section */
		5738D7222859140F00482A03 /* 05 Birthday Reminder */ = {
			isa = PBXNativeTarget;
			buildConfigurationList = 5738D7372859141000482A03 /* Build configuration list for PBXNativeTarget "05 Birthday Reminder" */;
			buildPhases = (
				5738D73A2859141E00482A03 /* ShellScript */,
				5738D71F2859140F00482A03 /* Sources */,
				5738D7202859140F00482A03 /* Frameworks */,
				5738D7212859140F00482A03 /* Resources */,
			);
			buildRules = (
			);
			dependencies = (
			);
			name = "05 Birthday Reminder";
			productName = "05 Birthday Reminder";
			productReference = 5738D7232859140F00482A03 /* 05 Birthday Reminder.app */;
			productType = "com.apple.product-type.application";
		};
/* End PBXNativeTarget section */

/* Begin PBXProject section */
		5738D71B2859140F00482A03 /* Project object */ = {
			isa = PBXProject;
			attributes = {
				BuildIndependentTargetsInParallel = 1;
				LastSwiftUpdateCheck = 1340;
				LastUpgradeCheck = 1340;
				TargetAttributes = {
					5738D7222859140F00482A03 = {
						CreatedOnToolsVersion = 13.4;
					};
				};
			};
			buildConfigurationList = 5738D71E2859140F00482A03 /* Build configuration list for PBXProject "05 Birthday Reminder" */;
			compatibilityVersion = "Xcode 13.0";
			developmentRegion = en;
			hasScannedForEncodings = 0;
			knownRegions = (
				en,
				Base,
			);
			mainGroup = 5738D71A2859140F00482A03;
			productRefGroup = 5738D7242859140F00482A03 /* Products */;
			projectDirPath = "";
			projectRoot = "";
			targets = (
				5738D7222859140F00482A03 /* 05 Birthday Reminder */,
			);
		};
/* End PBXProject section */

/* Begin PBXResourcesBuildPhase section */
		5738D7212859140F00482A03 /* Resources */ = {
			isa = PBXResourcesBuildPhase;
			buildActionMask = 2147483647;
			files = (
				5738D7332859141000482A03 /* LaunchScreen.storyboard in Resources */,
				5738D7302859141000482A03 /* Assets.xcassets in Resources */,
			);
			runOnlyForDeploymentPostprocessing = 0;
		};
/* End PBXResourcesBuildPhase section */

/* Begin PBXShellScriptBuildPhase section */
		5738D73A2859141E00482A03 /* ShellScript */ = {
			isa = PBXShellScriptBuildPhase;
			buildActionMask = 2147483647;
			files = (
			);
			inputFileListPaths = (
			);
			inputPaths = (
			);
			outputFileListPaths = (
			);
			outputPaths = (
			);
			runOnlyForDeploymentPostprocessing = 0;
			shellPath = /bin/sh;
			shellScript = "export PATH=\"$PATH:/opt/homebrew/bin\"\nif which swiftlint > /dev/null; then\n  swiftlint\nelse\n  echo \"warning: SwiftLint not installed, download from https://github.com/realm/SwiftLint\"\nfi\n";
		};
/* End PBXShellScriptBuildPhase section */

/* Begin PBXSourcesBuildPhase section */
		5738D71F2859140F00482A03 /* Sources */ = {
			isa = PBXSourcesBuildPhase;
			buildActionMask = 2147483647;
			files = (
				5738D7442859BACA00482A03 /* Person.swift in Sources */,
				57662DA92860DF58004ED5E8 /* EditReminderView.swift in Sources */,
				5738D7402859BA8B00482A03 /* EditReminderViewController.swift in Sources */,
				5738D7272859140F00482A03 /* AppDelegate.swift in Sources */,
				57727BB02864500F00EFBAF0 /* ReminderStorage.swift in Sources */,
				5738D7472859BB8800482A03 /* ReminderView.swift in Sources */,
				5738D7292859140F00482A03 /* SceneDelegate.swift in Sources */,
				5738D7422859BA9800482A03 /* ReminderListViewController.swift in Sources */,
				5738D73E2859B9EE00482A03 /* SignInViewController.swift in Sources */,
				5738D74E2859F29C00482A03 /* UITextFieldExtensions.swift in Sources */,
				5738D74C2859F00500482A03 /* UIViewExtensions.swift in Sources */,
				5738D753285F212100482A03 /* SignInView.swift in Sources */,
				57727BAE2863159000EFBAF0 /* AppConstants.swift in Sources */,
				5738D7492859BC9900482A03 /* Reminder.swift in Sources */,
				5738D75B286084DD00482A03 /* UIViewControler+showAlert.swift in Sources */,
			);
			runOnlyForDeploymentPostprocessing = 0;
		};
/* End PBXSourcesBuildPhase section */

/* Begin PBXVariantGroup section */
		5738D7312859141000482A03 /* LaunchScreen.storyboard */ = {
			isa = PBXVariantGroup;
			children = (
				5738D7322859141000482A03 /* Base */,
			);
			name = LaunchScreen.storyboard;
			sourceTree = "<group>";
		};
/* End PBXVariantGroup section */

/* Begin XCBuildConfiguration section */
		5738D7352859141000482A03 /* Debug */ = {
			isa = XCBuildConfiguration;
			buildSettings = {
				ALWAYS_SEARCH_USER_PATHS = NO;
				CLANG_ANALYZER_NONNULL = YES;
				CLANG_ANALYZER_NUMBER_OBJECT_CONVERSION = YES_AGGRESSIVE;
				CLANG_CXX_LANGUAGE_STANDARD = "gnu++17";
				CLANG_ENABLE_MODULES = YES;
				CLANG_ENABLE_OBJC_ARC = YES;
				CLANG_ENABLE_OBJC_WEAK = YES;
				CLANG_WARN_BLOCK_CAPTURE_AUTORELEASING = YES;
				CLANG_WARN_BOOL_CONVERSION = YES;
				CLANG_WARN_COMMA = YES;
				CLANG_WARN_CONSTANT_CONVERSION = YES;
				CLANG_WARN_DEPRECATED_OBJC_IMPLEMENTATIONS = YES;
				CLANG_WARN_DIRECT_OBJC_ISA_USAGE = YES_ERROR;
				CLANG_WARN_DOCUMENTATION_COMMENTS = YES;
				CLANG_WARN_EMPTY_BODY = YES;
				CLANG_WARN_ENUM_CONVERSION = YES;
				CLANG_WARN_INFINITE_RECURSION = YES;
				CLANG_WARN_INT_CONVERSION = YES;
				CLANG_WARN_NON_LITERAL_NULL_CONVERSION = YES;
				CLANG_WARN_OBJC_IMPLICIT_RETAIN_SELF = YES;
				CLANG_WARN_OBJC_LITERAL_CONVERSION = YES;
				CLANG_WARN_OBJC_ROOT_CLASS = YES_ERROR;
				CLANG_WARN_QUOTED_INCLUDE_IN_FRAMEWORK_HEADER = YES;
				CLANG_WARN_RANGE_LOOP_ANALYSIS = YES;
				CLANG_WARN_STRICT_PROTOTYPES = YES;
				CLANG_WARN_SUSPICIOUS_MOVE = YES;
				CLANG_WARN_UNGUARDED_AVAILABILITY = YES_AGGRESSIVE;
				CLANG_WARN_UNREACHABLE_CODE = YES;
				CLANG_WARN__DUPLICATE_METHOD_MATCH = YES;
				COPY_PHASE_STRIP = NO;
				DEBUG_INFORMATION_FORMAT = dwarf;
				ENABLE_STRICT_OBJC_MSGSEND = YES;
				ENABLE_TESTABILITY = YES;
				GCC_C_LANGUAGE_STANDARD = gnu11;
				GCC_DYNAMIC_NO_PIC = NO;
				GCC_NO_COMMON_BLOCKS = YES;
				GCC_OPTIMIZATION_LEVEL = 0;
				GCC_PREPROCESSOR_DEFINITIONS = (
					"DEBUG=1",
					"$(inherited)",
				);
				GCC_WARN_64_TO_32_BIT_CONVERSION = YES;
				GCC_WARN_ABOUT_RETURN_TYPE = YES_ERROR;
				GCC_WARN_UNDECLARED_SELECTOR = YES;
				GCC_WARN_UNINITIALIZED_AUTOS = YES_AGGRESSIVE;
				GCC_WARN_UNUSED_FUNCTION = YES;
				GCC_WARN_UNUSED_VARIABLE = YES;
				IPHONEOS_DEPLOYMENT_TARGET = 15.5;
				MTL_ENABLE_DEBUG_INFO = INCLUDE_SOURCE;
				MTL_FAST_MATH = YES;
				ONLY_ACTIVE_ARCH = YES;
				SDKROOT = iphoneos;
				SWIFT_ACTIVE_COMPILATION_CONDITIONS = DEBUG;
				SWIFT_OPTIMIZATION_LEVEL = "-Onone";
			};
			name = Debug;
		};
		5738D7362859141000482A03 /* Release */ = {
			isa = XCBuildConfiguration;
			buildSettings = {
				ALWAYS_SEARCH_USER_PATHS = NO;
				CLANG_ANALYZER_NONNULL = YES;
				CLANG_ANALYZER_NUMBER_OBJECT_CONVERSION = YES_AGGRESSIVE;
				CLANG_CXX_LANGUAGE_STANDARD = "gnu++17";
				CLANG_ENABLE_MODULES = YES;
				CLANG_ENABLE_OBJC_ARC = YES;
				CLANG_ENABLE_OBJC_WEAK = YES;
				CLANG_WARN_BLOCK_CAPTURE_AUTORELEASING = YES;
				CLANG_WARN_BOOL_CONVERSION = YES;
				CLANG_WARN_COMMA = YES;
				CLANG_WARN_CONSTANT_CONVERSION = YES;
				CLANG_WARN_DEPRECATED_OBJC_IMPLEMENTATIONS = YES;
				CLANG_WARN_DIRECT_OBJC_ISA_USAGE = YES_ERROR;
				CLANG_WARN_DOCUMENTATION_COMMENTS = YES;
				CLANG_WARN_EMPTY_BODY = YES;
				CLANG_WARN_ENUM_CONVERSION = YES;
				CLANG_WARN_INFINITE_RECURSION = YES;
				CLANG_WARN_INT_CONVERSION = YES;
				CLANG_WARN_NON_LITERAL_NULL_CONVERSION = YES;
				CLANG_WARN_OBJC_IMPLICIT_RETAIN_SELF = YES;
				CLANG_WARN_OBJC_LITERAL_CONVERSION = YES;
				CLANG_WARN_OBJC_ROOT_CLASS = YES_ERROR;
				CLANG_WARN_QUOTED_INCLUDE_IN_FRAMEWORK_HEADER = YES;
				CLANG_WARN_RANGE_LOOP_ANALYSIS = YES;
				CLANG_WARN_STRICT_PROTOTYPES = YES;
				CLANG_WARN_SUSPICIOUS_MOVE = YES;
				CLANG_WARN_UNGUARDED_AVAILABILITY = YES_AGGRESSIVE;
				CLANG_WARN_UNREACHABLE_CODE = YES;
				CLANG_WARN__DUPLICATE_METHOD_MATCH = YES;
				COPY_PHASE_STRIP = NO;
				DEBUG_INFORMATION_FORMAT = "dwarf-with-dsym";
				ENABLE_NS_ASSERTIONS = NO;
				ENABLE_STRICT_OBJC_MSGSEND = YES;
				GCC_C_LANGUAGE_STANDARD = gnu11;
				GCC_NO_COMMON_BLOCKS = YES;
				GCC_WARN_64_TO_32_BIT_CONVERSION = YES;
				GCC_WARN_ABOUT_RETURN_TYPE = YES_ERROR;
				GCC_WARN_UNDECLARED_SELECTOR = YES;
				GCC_WARN_UNINITIALIZED_AUTOS = YES_AGGRESSIVE;
				GCC_WARN_UNUSED_FUNCTION = YES;
				GCC_WARN_UNUSED_VARIABLE = YES;
				IPHONEOS_DEPLOYMENT_TARGET = 15.5;
				MTL_ENABLE_DEBUG_INFO = NO;
				MTL_FAST_MATH = YES;
				SDKROOT = iphoneos;
				SWIFT_COMPILATION_MODE = wholemodule;
				SWIFT_OPTIMIZATION_LEVEL = "-O";
				VALIDATE_PRODUCT = YES;
			};
			name = Release;
		};
		5738D7382859141000482A03 /* Debug */ = {
			isa = XCBuildConfiguration;
			buildSettings = {
				ASSETCATALOG_COMPILER_APPICON_NAME = AppIcon;
				ASSETCATALOG_COMPILER_GLOBAL_ACCENT_COLOR_NAME = AccentColor;
				CODE_SIGN_STYLE = Automatic;
				CURRENT_PROJECT_VERSION = 1;
				DEVELOPMENT_TEAM = P3BYVBK57Z;
				GENERATE_INFOPLIST_FILE = YES;
				INFOPLIST_FILE = "05 Birthday Reminder/Info.plist";
				INFOPLIST_KEY_CFBundleDisplayName = "Birthday Reminder";
				INFOPLIST_KEY_UIApplicationSupportsIndirectInputEvents = YES;
				INFOPLIST_KEY_UILaunchStoryboardName = LaunchScreen;
				INFOPLIST_KEY_UISupportedInterfaceOrientations = UIInterfaceOrientationPortrait;
				LD_RUNPATH_SEARCH_PATHS = (
					"$(inherited)",
					"@executable_path/Frameworks",
				);
				MARKETING_VERSION = 1.0;
				PRODUCT_BUNDLE_IDENTIFIER = "ios.biiak.-5-Birthday-Reminder";
				PRODUCT_NAME = "$(TARGET_NAME)";
				SWIFT_EMIT_LOC_STRINGS = YES;
				SWIFT_VERSION = 5.0;
				TARGETED_DEVICE_FAMILY = "1,2";
			};
			name = Debug;
		};
		5738D7392859141000482A03 /* Release */ = {
			isa = XCBuildConfiguration;
			buildSettings = {
				ASSETCATALOG_COMPILER_APPICON_NAME = AppIcon;
				ASSETCATALOG_COMPILER_GLOBAL_ACCENT_COLOR_NAME = AccentColor;
				CODE_SIGN_STYLE = Automatic;
				CURRENT_PROJECT_VERSION = 1;
				DEVELOPMENT_TEAM = P3BYVBK57Z;
				GENERATE_INFOPLIST_FILE = YES;
				INFOPLIST_FILE = "05 Birthday Reminder/Info.plist";
				INFOPLIST_KEY_CFBundleDisplayName = "Birthday Reminder";
				INFOPLIST_KEY_UIApplicationSupportsIndirectInputEvents = YES;
				INFOPLIST_KEY_UILaunchStoryboardName = LaunchScreen;
				INFOPLIST_KEY_UISupportedInterfaceOrientations = UIInterfaceOrientationPortrait;
				LD_RUNPATH_SEARCH_PATHS = (
					"$(inherited)",
					"@executable_path/Frameworks",
				);
				MARKETING_VERSION = 1.0;
				PRODUCT_BUNDLE_IDENTIFIER = "ios.biiak.-5-Birthday-Reminder";
				PRODUCT_NAME = "$(TARGET_NAME)";
				SWIFT_EMIT_LOC_STRINGS = YES;
				SWIFT_VERSION = 5.0;
				TARGETED_DEVICE_FAMILY = "1,2";
			};
			name = Release;
		};
/* End XCBuildConfiguration section */

/* Begin XCConfigurationList section */
		5738D71E2859140F00482A03 /* Build configuration list for PBXProject "05 Birthday Reminder" */ = {
			isa = XCConfigurationList;
			buildConfigurations = (
				5738D7352859141000482A03 /* Debug */,
				5738D7362859141000482A03 /* Release */,
			);
			defaultConfigurationIsVisible = 0;
			defaultConfigurationName = Release;
		};
		5738D7372859141000482A03 /* Build configuration list for PBXNativeTarget "05 Birthday Reminder" */ = {
			isa = XCConfigurationList;
			buildConfigurations = (
				5738D7382859141000482A03 /* Debug */,
				5738D7392859141000482A03 /* Release */,
			);
			defaultConfigurationIsVisible = 0;
			defaultConfigurationName = Release;
		};
/* End XCConfigurationList section */
	};
	rootObject = 5738D71B2859140F00482A03 /* Project object */;
}
